PODS:
  - TensorFlowLite (1.13.1)
  - TensorIO (0.4.2):
    - TensorFlowLite

DEPENDENCIES:
  - TensorIO

SPEC REPOS:
  https://github.com/cocoapods/specs.git:
    - TensorFlowLite
    - TensorIO

SPEC CHECKSUMS:
  TensorFlowLite: 8b9dc4eb32eac0f8cb660c66bca7604da56dcc5a
  TensorIO: e2c0287831a5cb4cb12a0b3f7536fe332a6c9598

PODFILE CHECKSUM: 1e1b8fd4d2e850e9e2295986d6742b3904d54e38

COCOAPODS: 1.6.0
